
Microsoft Visual Studio Solution File, Format Version 12.00
# Visual Studio Version 17
VisualStudioVersion = 17.6.33829.357
MinimumVisualStudioVersion = 10.0.40219.1
Project("{8BC9CEB8-8B4A-11D0-8D11-00A0C91BC942}") = "StringLibrary", "StringLibrary.vcxproj", "{5FDD77C1-7C2E-402A-9B67-768F5E028740}"
EndProject
Global
	GlobalSection(SolutionConfigurationPlatforms) = preSolution
		Debug|x64 = Debug|x64
		Debug|x86 = Debug|x86
		Release|x64 = Release|x64
		Release|x86 = Release|x86
	EndGlobalSection
	GlobalSection(ProjectConfigurationPlatforms) = postSolution
		{5FDD77C1-7C2E-402A-9B67-768F5E028740}.Debug|x64.ActiveCfg = Debug|x64
		{5FDD77C1-7C2E-402A-9B67-768F5E028740}.Debug|x64.Build.0 = Debug|x64
		{5FDD77C1-7C2E-402A-9B67-768F5E028740}.Debug|x86.ActiveCfg = Debug|Win32
		{5FDD77C1-7C2E-402A-9B67-768F5E028740}.Debug|x86.Build.0 = Debug|Win32
		{5FDD77C1-7C2E-402A-9B67-768F5E028740}.Release|x64.ActiveCfg = Release|x64
		{5FDD77C1-7C2E-402A-9B67-768F5E028740}.Release|x64.Build.0 = Release|x64
		{5FDD77C1-7C2E-402A-9B67-768F5E028740}.Release|x86.ActiveCfg = Release|Win32
		{5FDD77C1-7C2E-402A-9B67-768F5E028740}.Release|x86.Build.0 = Release|Win32
	EndGlobalSection
	GlobalSection(SolutionProperties) = preSolution
		HideSolutionNode = FALSE
	EndGlobalSection
	GlobalSection(ExtensibilityGlobals) = postSolution
		SolutionGuid = {1AB0F467-7254-4DED-8AA4-E1526A444110}
	EndGlobalSection
EndGlobal
